{
  "name": "smartra-dsl",
  "version": "0.1.0",
  "lockfileVersion": 3,
  "requires": true,
  "packages": {
    "": {
      "name": "smartra-dsl",
      "version": "0.1.0",
      "license": "MIT",
      "dependencies": {
        "antlr4": "^4.13.1",
        "prettier": "^3.0.3"
      },
      "devDependencies": {
        "antlr4-c3": "^1.1.0"
      }
    },
    "node_modules/antlr4": {
      "version": "4.13.2",
      "resolved": "https://registry.npmjs.org/antlr4/-/antlr4-4.13.2.tgz",
      "integrity": "sha512-QiVbZhyy4xAZ17UPEuG3YTOt8ZaoeOR1CvEAqrEsDBsOqINslaB147i9xqljZqoyf5S+EUlGStaj+t22LT9MOg==",
      "license": "BSD-3-Clause",
      "engines": {
        "node": ">=16"
      }
    },
    "node_modules/antlr4-c3": {
      "version": "1.1.16",
      "resolved": "https://registry.npmjs.org/antlr4-c3/-/antlr4-c3-1.1.16.tgz",
      "integrity": "sha512-3CZQ54JPyo6lkZYDOXaKUsy5KNFucveocvRy+03R7zJQbYOUr4Z6lFeBWzkxJXLitc7yQYe7OHbB6snyp7IJvQ==",
      "dev": true,
      "license": "MIT",
      "dependencies": {
        "antlr4ts": "^0.5.0-alpha.3"
      }
    },
    "node_modules/antlr4ts": {
      "version": "0.5.0-alpha.4",
      "resolved": "https://registry.npmjs.org/antlr4ts/-/antlr4ts-0.5.0-alpha.4.tgz",
      "integrity": "sha512-WPQDt1B74OfPv/IMS2ekXAKkTZIHl88uMetg6q3OTqgFxZ/dxDXI0EWLyZid/1Pe6hTftyg5N7gel5wNAGxXyQ==",
      "dev": true,
      "license": "BSD-3-Clause"
    },
    "node_modules/prettier": {
      "version": "3.5.3",
      "resolved": "https://registry.npmjs.org/prettier/-/prettier-3.5.3.tgz",
      "integrity": "sha512-QQtaxnoDJeAkDvDKWCLiwIXkTgRhwYDEQCghU9Z6q03iyek/rxRh/2lC3HB7P8sWT2xC/y5JDctPLBIGzHKbhw==",
      "license": "MIT",
      "bin": {
        "prettier": "bin/prettier.cjs"
      },
      "engines": {
        "node": ">=14"
      },
      "funding": {
        "url": "https://github.com/prettier/prettier?sponsor=1"
      }
    }
  }
}
